
Microsoft Visual Studio Solution File, Format Version 12.00
# Visual Studio Version 16
VisualStudioVersion = 16.0.31321.278
MinimumVisualStudioVersion = 10.0.40219.1
Project("{FAE04EC0-301F-11D3-BF4B-00C04F79EFBC}") = "RegistroEstudiantes", "RegistroEstudiantes\RegistroEstudiantes.csproj", "{EB4B28CF-E1A4-4D35-A2A8-EBC324D11282}"
EndProject
Project("{FAE04EC0-301F-11D3-BF4B-00C04F79EFBC}") = "data", "data\data.csproj", "{7CD8ECAE-C2DE-4720-BD81-CA2FC9BE6E1A}"
EndProject
Project("{FAE04EC0-301F-11D3-BF4B-00C04F79EFBC}") = "logicadelnegocio", "logicadelnegocio\logicadelnegocio.csproj", "{B2A87501-2232-4549-8744-723D145F20BB}"
EndProject
Global
	GlobalSection(SolutionConfigurationPlatforms) = preSolution
		Debug|Any CPU = Debug|Any CPU
		Release|Any CPU = Release|Any CPU
	EndGlobalSection
	GlobalSection(ProjectConfigurationPlatforms) = postSolution
		{EB4B28CF-E1A4-4D35-A2A8-EBC324D11282}.Debug|Any CPU.ActiveCfg = Debug|Any CPU
		{EB4B28CF-E1A4-4D35-A2A8-EBC324D11282}.Debug|Any CPU.Build.0 = Debug|Any CPU
		{EB4B28CF-E1A4-4D35-A2A8-EBC324D11282}.Release|Any CPU.ActiveCfg = Release|Any CPU
		{EB4B28CF-E1A4-4D35-A2A8-EBC324D11282}.Release|Any CPU.Build.0 = Release|Any CPU
		{7CD8ECAE-C2DE-4720-BD81-CA2FC9BE6E1A}.Debug|Any CPU.ActiveCfg = Debug|Any CPU
		{7CD8ECAE-C2DE-4720-BD81-CA2FC9BE6E1A}.Debug|Any CPU.Build.0 = Debug|Any CPU
		{7CD8ECAE-C2DE-4720-BD81-CA2FC9BE6E1A}.Release|Any CPU.ActiveCfg = Release|Any CPU
		{7CD8ECAE-C2DE-4720-BD81-CA2FC9BE6E1A}.Release|Any CPU.Build.0 = Release|Any CPU
		{B2A87501-2232-4549-8744-723D145F20BB}.Debug|Any CPU.ActiveCfg = Debug|Any CPU
		{B2A87501-2232-4549-8744-723D145F20BB}.Debug|Any CPU.Build.0 = Debug|Any CPU
		{B2A87501-2232-4549-8744-723D145F20BB}.Release|Any CPU.ActiveCfg = Release|Any CPU
		{B2A87501-2232-4549-8744-723D145F20BB}.Release|Any CPU.Build.0 = Release|Any CPU
	EndGlobalSection
	GlobalSection(SolutionProperties) = preSolution
		HideSolutionNode = FALSE
	EndGlobalSection
	GlobalSection(ExtensibilityGlobals) = postSolution
		SolutionGuid = {C48FD97B-8C17-45DA-BDCC-6543460AE479}
	EndGlobalSection
EndGlobal
